
Microsoft Visual Studio Solution File, Format Version 12.00
# Visual Studio Version 17
VisualStudioVersion = 17.14.36203.30 d17.14
MinimumVisualStudioVersion = 10.0.40219.1
Project("{FAE04EC0-301F-11D3-BF4B-00C04F79EFBC}") = "CharpStep3", "CharpStep3\CharpStep3.csproj", "{3904E2CE-9328-427F-99F9-A94C72E0E498}"
EndProject
Global
	GlobalSection(SolutionConfigurationPlatforms) = preSolution
		Debug|Any CPU = Debug|Any CPU
		Release|Any CPU = Release|Any CPU
	EndGlobalSection
	GlobalSection(ProjectConfigurationPlatforms) = postSolution
		{3904E2CE-9328-427F-99F9-A94C72E0E498}.Debug|Any CPU.ActiveCfg = Debug|Any CPU
		{3904E2CE-9328-427F-99F9-A94C72E0E498}.Debug|Any CPU.Build.0 = Debug|Any CPU
		{3904E2CE-9328-427F-99F9-A94C72E0E498}.Release|Any CPU.ActiveCfg = Release|Any CPU
		{3904E2CE-9328-427F-99F9-A94C72E0E498}.Release|Any CPU.Build.0 = Release|Any CPU
	EndGlobalSection
	GlobalSection(SolutionProperties) = preSolution
		HideSolutionNode = FALSE
	EndGlobalSection
	GlobalSection(ExtensibilityGlobals) = postSolution
		SolutionGuid = {5FCA8E14-1CAB-4873-B74F-B8A1E1D6B0BB}
	EndGlobalSection
EndGlobal
